
Microsoft Visual Studio Solution File, Format Version 12.00
# Visual Studio Version 17
VisualStudioVersion = 17.1.32421.90
MinimumVisualStudioVersion = 10.0.40219.1
Project("{FAE04EC0-301F-11D3-BF4B-00C04F79EFBC}") = "BiddingPortalView", "BiddingPortalView\BiddingPortalView.csproj", "{11AC968B-44C7-4B5E-BE5D-95D040F0FBEA}"
EndProject
Global
	GlobalSection(SolutionConfigurationPlatforms) = preSolution
		Debug|Any CPU = Debug|Any CPU
		Release|Any CPU = Release|Any CPU
	EndGlobalSection
	GlobalSection(ProjectConfigurationPlatforms) = postSolution
		{11AC968B-44C7-4B5E-BE5D-95D040F0FBEA}.Debug|Any CPU.ActiveCfg = Debug|Any CPU
		{11AC968B-44C7-4B5E-BE5D-95D040F0FBEA}.Debug|Any CPU.Build.0 = Debug|Any CPU
		{11AC968B-44C7-4B5E-BE5D-95D040F0FBEA}.Release|Any CPU.ActiveCfg = Release|Any CPU
		{11AC968B-44C7-4B5E-BE5D-95D040F0FBEA}.Release|Any CPU.Build.0 = Release|Any CPU
	EndGlobalSection
	GlobalSection(SolutionProperties) = preSolution
		HideSolutionNode = FALSE
	EndGlobalSection
	GlobalSection(ExtensibilityGlobals) = postSolution
		SolutionGuid = {EB6FABF3-DB7A-4EFE-B260-1FBF8A05059C}
	EndGlobalSection
EndGlobal
